
Microsoft Visual Studio Solution File, Format Version 12.00
# Visual Studio Version 17
VisualStudioVersion = 17.7.34031.279
MinimumVisualStudioVersion = 10.0.40219.1
Project("{FAE04EC0-301F-11D3-BF4B-00C04F79EFBC}") = "KomplexFeladat", "KomplexFeladat.csproj", "{74CA2D3E-EA48-465C-9D65-837E50F70151}"
EndProject
Global
	GlobalSection(SolutionConfigurationPlatforms) = preSolution
		Debug|Any CPU = Debug|Any CPU
		Release|Any CPU = Release|Any CPU
	EndGlobalSection
	GlobalSection(ProjectConfigurationPlatforms) = postSolution
		{74CA2D3E-EA48-465C-9D65-837E50F70151}.Debug|Any CPU.ActiveCfg = Debug|Any CPU
		{74CA2D3E-EA48-465C-9D65-837E50F70151}.Debug|Any CPU.Build.0 = Debug|Any CPU
		{74CA2D3E-EA48-465C-9D65-837E50F70151}.Release|Any CPU.ActiveCfg = Release|Any CPU
		{74CA2D3E-EA48-465C-9D65-837E50F70151}.Release|Any CPU.Build.0 = Release|Any CPU
	EndGlobalSection
	GlobalSection(SolutionProperties) = preSolution
		HideSolutionNode = FALSE
	EndGlobalSection
	GlobalSection(ExtensibilityGlobals) = postSolution
		SolutionGuid = {E75BBB1F-E2C4-474A-A7A3-6EA166B20242}
	EndGlobalSection
EndGlobal
